[root]
name = "way-cooler"
version = "0.1.0"
dependencies = [
 "lazy_static 0.1.15 (registry+https://github.com/rust-lang/crates.io-index)",
 "rustwlc 0.2.1 (git+https://github.com/Immington-Industries/rust-wlc.git)",
]

[[package]]
name = "bitflags"
version = "0.4.0"
source = "registry+https://github.com/rust-lang/crates.io-index"

[[package]]
name = "lazy_static"
version = "0.1.15"
source = "registry+https://github.com/rust-lang/crates.io-index"

[[package]]
name = "libc"
version = "0.2.8"
source = "registry+https://github.com/rust-lang/crates.io-index"

[[package]]
name = "rustwlc"
version = "0.2.1"
source = "git+https://github.com/Immington-Industries/rust-wlc.git#e58c0768a037639461a116e65f6d8313f0247ae4"
dependencies = [
 "bitflags 0.4.0 (registry+https://github.com/rust-lang/crates.io-index)",
 "libc 0.2.8 (registry+https://github.com/rust-lang/crates.io-index)",
]

